PODS:
  - ffmpeg_kit_flutter_new_audio (8.1.2):
    - ffmpeg_kit_flutter_new_audio/audio (= 8.1.2)
    - Flutter
  - ffmpeg_kit_flutter_new_audio/audio (8.1.2):
    - Flutter
  - Flutter (1.0.0)
  - flutter_foreground_task (0.0.1):
    - Flutter
  - fluttertoast (0.0.2):
    - Flutter
  - package_info_plus (0.4.5):
    - Flutter
  - record_ios (1.2.1):
    - Flutter
  - shared_preferences_foundation (0.0.1):
    - Flutter
    - FlutterMacOS
  - wakelock_plus (0.0.1):
    - Flutter

DEPENDENCIES:
  - ffmpeg_kit_flutter_new_audio (from `.symlinks/plugins/ffmpeg_kit_flutter_new_audio/ios`)
  - Flutter (from `Flutter`)
  - flutter_foreground_task (from `.symlinks/plugins/flutter_foreground_task/ios`)
  - fluttertoast (from `.symlinks/plugins/fluttertoast/ios`)
  - package_info_plus (from `.symlinks/plugins/package_info_plus/ios`)
  - record_ios (from `.symlinks/plugins/record_ios/ios`)
  - shared_preferences_foundation (from `.symlinks/plugins/shared_preferences_foundation/darwin`)
  - wakelock_plus (from `.symlinks/plugins/wakelock_plus/ios`)

EXTERNAL SOURCES:
  ffmpeg_kit_flutter_new_audio:
    :path: ".symlinks/plugins/ffmpeg_kit_flutter_new_audio/ios"
  Flutter:
    :path: Flutter
  flutter_foreground_task:
    :path: ".symlinks/plugins/flutter_foreground_task/ios"
  fluttertoast:
    :path: ".symlinks/plugins/fluttertoast/ios"
  package_info_plus:
    :path: ".symlinks/plugins/package_info_plus/ios"
  record_ios:
    :path: ".symlinks/plugins/record_ios/ios"
  shared_preferences_foundation:
    :path: ".symlinks/plugins/shared_preferences_foundation/darwin"
  wakelock_plus:
    :path: ".symlinks/plugins/wakelock_plus/ios"

SPEC CHECKSUMS:
  ffmpeg_kit_flutter_new_audio: 9f6a12ae5cdc58d3e31b3b2088c644ee10f866d5
  Flutter: cabc95a1d2626b1b06e7179b784ebcf0c0cde467
  flutter_foreground_task: a159d2c2173b33699ddb3e6c2a067045d7cebb89
  fluttertoast: fe6790210fdba20801685be946e3a2124b72eef5
  package_info_plus: af8e2ca6888548050f16fa2f1938db7b5a5df499
  record_ios: 980fd386a97a35987d0fce3dfda4b26a38c90f4c
  shared_preferences_foundation: 7036424c3d8ec98dfe75ff1667cb0cd531ec82bb
  wakelock_plus: e29112ab3ef0b318e58cfa5c32326458be66b556

PODFILE CHECKSUM: 6c01055ff966e40e8862373e66668a0fbf0b7ba8

COCOAPODS: 1.16.2
